
Microsoft Visual Studio Solution File, Format Version 12.00
# Visual Studio Version 17
VisualStudioVersion = 17.0.32014.148
MinimumVisualStudioVersion = 10.0.40219.1
Project("{FAE04EC0-301F-11D3-BF4B-00C04F79EFBC}") = "WorkingWithSerialization", "WorkingWithSerialization\WorkingWithSerialization.csproj", "{82499E58-0592-4E68-816A-FE82DD6D81EE}"
EndProject
Project("{FAE04EC0-301F-11D3-BF4B-00C04F79EFBC}") = "Person", "Person\Person.csproj", "{54E7AC58-BF4F-46B5-96DA-989535705FFE}"
EndProject
Global
	GlobalSection(SolutionConfigurationPlatforms) = preSolution
		Debug|Any CPU = Debug|Any CPU
		Release|Any CPU = Release|Any CPU
	EndGlobalSection
	GlobalSection(ProjectConfigurationPlatforms) = postSolution
		{82499E58-0592-4E68-816A-FE82DD6D81EE}.Debug|Any CPU.ActiveCfg = Debug|Any CPU
		{82499E58-0592-4E68-816A-FE82DD6D81EE}.Debug|Any CPU.Build.0 = Debug|Any CPU
		{82499E58-0592-4E68-816A-FE82DD6D81EE}.Release|Any CPU.ActiveCfg = Release|Any CPU
		{82499E58-0592-4E68-816A-FE82DD6D81EE}.Release|Any CPU.Build.0 = Release|Any CPU
		{54E7AC58-BF4F-46B5-96DA-989535705FFE}.Debug|Any CPU.ActiveCfg = Debug|Any CPU
		{54E7AC58-BF4F-46B5-96DA-989535705FFE}.Debug|Any CPU.Build.0 = Debug|Any CPU
		{54E7AC58-BF4F-46B5-96DA-989535705FFE}.Release|Any CPU.ActiveCfg = Release|Any CPU
		{54E7AC58-BF4F-46B5-96DA-989535705FFE}.Release|Any CPU.Build.0 = Release|Any CPU
	EndGlobalSection
	GlobalSection(SolutionProperties) = preSolution
		HideSolutionNode = FALSE
	EndGlobalSection
	GlobalSection(ExtensibilityGlobals) = postSolution
		SolutionGuid = {1B16DCEB-263F-4189-8479-8023FD3DE0AC}
	EndGlobalSection
EndGlobal
